<?xml version="1.0" encoding="utf-8"?>
<Project ToolsVersion="4.0" xmlns="http://schemas.microsoft.com/developer/msbuild/2003">
  <ItemGroup>
    <Filter Include="Source Files">
      <UniqueIdentifier>{4FC737F1-C7A5-4376-A066-2A32D752A2FF}</UniqueIdentifier>
      <Extensions>cpp;c;cc;cxx;c++;cppm;ixx;def;odl;idl;hpj;bat;asm;asmx</Extensions>
    </Filter>
    <Filter Include="Header Files">
      <UniqueIdentifier>{93995380-89BD-4b04-88EB-625FBE52EBFB}</UniqueIdentifier>
      <Extensions>h;hh;hpp;hxx;h++;hm;inl;inc;ipp;xsd</Extensions>
    </Filter>
    <Filter Include="Resource Files">
      <UniqueIdentifier>{67DA6AB6-F800-4c08-8B7A-83BB121AAD01}</UniqueIdentifier>
      <Extensions>rc;ico;cur;bmp;dlg;rc2;rct;bin;rgs;gif;jpg;jpeg;jpe;resx;tiff;tif;png;wav;mfcribbon-ms</Extensions>
    </Filter>
  </ItemGroup>
  <ItemGroup>
    <ClCompile Include="CMSIS.cpp">
      <Filter>Source Files</Filter>
    </ClCompile>
    <ClCompile Include="..\Source\TransformFunctions\arm_bitreversal.c">
      <Filter>Source Files</Filter>
    </ClCompile>
    <ClCompile Include="..\Source\TransformFunctions\arm_bitreversal_f16.c">
      <Filter>Source Files</Filter>
    </ClCompile>
    <ClCompile Include="..\Source\TransformFunctions\arm_cfft_f16.c">
      <Filter>Source Files</Filter>
    </ClCompile>
    <ClCompile Include="..\Source\TransformFunctions\arm_cfft_f32.c">
      <Filter>Source Files</Filter>
    </ClCompile>
    <ClCompile Include="..\Source\TransformFunctions\arm_cfft_f64.c">
      <Filter>Source Files</Filter>
    </ClCompile>
    <ClCompile Include="..\Source\TransformFunctions\arm_cfft_init_f16.c">
      <Filter>Source Files</Filter>
    </ClCompile>
    <ClCompile Include="..\Source\TransformFunctions\arm_cfft_init_f32.c">
      <Filter>Source Files</Filter>
    </ClCompile>
    <ClCompile Include="..\Source\TransformFunctions\arm_cfft_init_f64.c">
      <Filter>Source Files</Filter>
    </ClCompile>
    <ClCompile Include="..\Source\TransformFunctions\arm_cfft_init_q15.c">
      <Filter>Source Files</Filter>
    </ClCompile>
    <ClCompile Include="..\Source\TransformFunctions\arm_cfft_init_q31.c">
      <Filter>Source Files</Filter>
    </ClCompile>
    <ClCompile Include="..\Source\TransformFunctions\arm_cfft_q15.c">
      <Filter>Source Files</Filter>
    </ClCompile>
    <ClCompile Include="..\Source\TransformFunctions\arm_cfft_q31.c">
      <Filter>Source Files</Filter>
    </ClCompile>
    <ClCompile Include="..\Source\TransformFunctions\arm_cfft_radix2_f16.c">
      <Filter>Source Files</Filter>
    </ClCompile>
    <ClCompile Include="..\Source\TransformFunctions\arm_cfft_radix2_f32.c">
      <Filter>Source Files</Filter>
    </ClCompile>
    <ClCompile Include="..\Source\TransformFunctions\arm_cfft_radix2_init_f16.c">
      <Filter>Source Files</Filter>
    </ClCompile>
    <ClCompile Include="..\Source\TransformFunctions\arm_cfft_radix2_init_f32.c">
      <Filter>Source Files</Filter>
    </ClCompile>
    <ClCompile Include="..\Source\TransformFunctions\arm_cfft_radix2_init_q15.c">
      <Filter>Source Files</Filter>
    </ClCompile>
    <ClCompile Include="..\Source\TransformFunctions\arm_cfft_radix2_init_q31.c">
      <Filter>Source Files</Filter>
    </ClCompile>
    <ClCompile Include="..\Source\TransformFunctions\arm_cfft_radix2_q15.c">
      <Filter>Source Files</Filter>
    </ClCompile>
    <ClCompile Include="..\Source\TransformFunctions\arm_cfft_radix2_q31.c">
      <Filter>Source Files</Filter>
    </ClCompile>
    <ClCompile Include="..\Source\TransformFunctions\arm_cfft_radix4_f16.c">
      <Filter>Source Files</Filter>
    </ClCompile>
    <ClCompile Include="..\Source\TransformFunctions\arm_cfft_radix4_f32.c">
      <Filter>Source Files</Filter>
    </ClCompile>
    <ClCompile Include="..\Source\TransformFunctions\arm_cfft_radix4_init_f16.c">
      <Filter>Source Files</Filter>
    </ClCompile>
    <ClCompile Include="..\Source\TransformFunctions\arm_cfft_radix4_init_f32.c">
      <Filter>Source Files</Filter>
    </ClCompile>
    <ClCompile Include="..\Source\TransformFunctions\arm_cfft_radix4_init_q15.c">
      <Filter>Source Files</Filter>
    </ClCompile>
    <ClCompile Include="..\Source\TransformFunctions\arm_cfft_radix4_init_q31.c">
      <Filter>Source Files</Filter>
    </ClCompile>
    <ClCompile Include="..\Source\TransformFunctions\arm_cfft_radix4_q15.c">
      <Filter>Source Files</Filter>
    </ClCompile>
    <ClCompile Include="..\Source\TransformFunctions\arm_cfft_radix4_q31.c">
      <Filter>Source Files</Filter>
    </ClCompile>
    <ClCompile Include="..\Source\TransformFunctions\arm_cfft_radix8_f16.c">
      <Filter>Source Files</Filter>
    </ClCompile>
    <ClCompile Include="..\Source\TransformFunctions\arm_cfft_radix8_f32.c">
      <Filter>Source Files</Filter>
    </ClCompile>
    <ClCompile Include="..\Source\TransformFunctions\arm_mfcc_f16.c">
      <Filter>Source Files</Filter>
    </ClCompile>
    <ClCompile Include="..\Source\TransformFunctions\arm_mfcc_f32.c">
      <Filter>Source Files</Filter>
    </ClCompile>
    <ClCompile Include="..\Source\TransformFunctions\arm_mfcc_init_f16.c">
      <Filter>Source Files</Filter>
    </ClCompile>
    <ClCompile Include="..\Source\TransformFunctions\arm_mfcc_init_f32.c">
      <Filter>Source Files</Filter>
    </ClCompile>
    <ClCompile Include="..\Source\TransformFunctions\arm_mfcc_init_q15.c">
      <Filter>Source Files</Filter>
    </ClCompile>
    <ClCompile Include="..\Source\TransformFunctions\arm_mfcc_init_q31.c">
      <Filter>Source Files</Filter>
    </ClCompile>
    <ClCompile Include="..\Source\TransformFunctions\arm_mfcc_q15.c">
      <Filter>Source Files</Filter>
    </ClCompile>
    <ClCompile Include="..\Source\TransformFunctions\arm_mfcc_q31.c">
      <Filter>Source Files</Filter>
    </ClCompile>
    <ClCompile Include="..\Source\TransformFunctions\arm_rfft_fast_f16.c">
      <Filter>Source Files</Filter>
    </ClCompile>
    <ClCompile Include="..\Source\TransformFunctions\arm_rfft_fast_f32.c">
      <Filter>Source Files</Filter>
    </ClCompile>
    <ClCompile Include="..\Source\TransformFunctions\arm_rfft_fast_f64.c">
      <Filter>Source Files</Filter>
    </ClCompile>
    <ClCompile Include="..\Source\TransformFunctions\arm_rfft_fast_init_f16.c">
      <Filter>Source Files</Filter>
    </ClCompile>
    <ClCompile Include="..\Source\TransformFunctions\arm_rfft_fast_init_f32.c">
      <Filter>Source Files</Filter>
    </ClCompile>
    <ClCompile Include="..\Source\TransformFunctions\arm_rfft_fast_init_f64.c">
      <Filter>Source Files</Filter>
    </ClCompile>
    <ClCompile Include="..\Source\TransformFunctions\arm_rfft_init_q15.c">
      <Filter>Source Files</Filter>
    </ClCompile>
    <ClCompile Include="..\Source\TransformFunctions\arm_rfft_init_q31.c">
      <Filter>Source Files</Filter>
    </ClCompile>
    <ClCompile Include="..\Source\TransformFunctions\arm_rfft_q15.c">
      <Filter>Source Files</Filter>
    </ClCompile>
    <ClCompile Include="..\Source\TransformFunctions\arm_rfft_q31.c">
      <Filter>Source Files</Filter>
    </ClCompile>
    <ClCompile Include="..\Source\TransformFunctions\arm_transform_buffer_sizes.c">
      <Filter>Source Files</Filter>
    </ClCompile>
    <ClCompile Include="..\Source\TransformFunctions\TransformFunctions.c">
      <Filter>Source Files</Filter>
    </ClCompile>
    <ClCompile Include="..\Source\TransformFunctions\TransformFunctionsF16.c">
      <Filter>Source Files</Filter>
    </ClCompile>
    <ClCompile Include="..\Source\BasicMathFunctions\arm_abs_f16.c">
      <Filter>Source Files</Filter>
    </ClCompile>
    <ClCompile Include="..\Source\BasicMathFunctions\arm_abs_f32.c">
      <Filter>Source Files</Filter>
    </ClCompile>
    <ClCompile Include="..\Source\BasicMathFunctions\arm_abs_f64.c">
      <Filter>Source Files</Filter>
    </ClCompile>
    <ClCompile Include="..\Source\BasicMathFunctions\arm_abs_q7.c">
      <Filter>Source Files</Filter>
    </ClCompile>
    <ClCompile Include="..\Source\BasicMathFunctions\arm_abs_q15.c">
      <Filter>Source Files</Filter>
    </ClCompile>
    <ClCompile Include="..\Source\BasicMathFunctions\arm_abs_q31.c">
      <Filter>Source Files</Filter>
    </ClCompile>
    <ClCompile Include="..\Source\BasicMathFunctions\arm_add_f16.c">
      <Filter>Source Files</Filter>
    </ClCompile>
    <ClCompile Include="..\Source\BasicMathFunctions\arm_add_f32.c">
      <Filter>Source Files</Filter>
    </ClCompile>
    <ClCompile Include="..\Source\BasicMathFunctions\arm_add_f64.c">
      <Filter>Source Files</Filter>
    </ClCompile>
    <ClCompile Include="..\Source\BasicMathFunctions\arm_add_q7.c">
      <Filter>Source Files</Filter>
    </ClCompile>
    <ClCompile Include="..\Source\BasicMathFunctions\arm_add_q15.c">
      <Filter>Source Files</Filter>
    </ClCompile>
    <ClCompile Include="..\Source\BasicMathFunctions\arm_add_q31.c">
      <Filter>Source Files</Filter>
    </ClCompile>
    <ClCompile Include="..\Source\BasicMathFunctions\arm_and_u8.c">
      <Filter>Source Files</Filter>
    </ClCompile>
    <ClCompile Include="..\Source\BasicMathFunctions\arm_and_u16.c">
      <Filter>Source Files</Filter>
    </ClCompile>
    <ClCompile Include="..\Source\BasicMathFunctions\arm_and_u32.c">
      <Filter>Source Files</Filter>
    </ClCompile>
    <ClCompile Include="..\Source\BasicMathFunctions\arm_clip_f16.c">
      <Filter>Source Files</Filter>
    </ClCompile>
    <ClCompile Include="..\Source\BasicMathFunctions\arm_clip_f32.c">
      <Filter>Source Files</Filter>
    </ClCompile>
    <ClCompile Include="..\Source\BasicMathFunctions\arm_clip_q7.c">
      <Filter>Source Files</Filter>
    </ClCompile>
    <ClCompile Include="..\Source\BasicMathFunctions\arm_clip_q15.c">
      <Filter>Source Files</Filter>
    </ClCompile>
    <ClCompile Include="..\Source\BasicMathFunctions\arm_clip_q31.c">
      <Filter>Source Files</Filter>
    </ClCompile>
    <ClCompile Include="..\Source\BasicMathFunctions\arm_dot_prod_f16.c">
      <Filter>Source Files</Filter>
    </ClCompile>
    <ClCompile Include="..\Source\BasicMathFunctions\arm_dot_prod_f32.c">
      <Filter>Source Files</Filter>
    </ClCompile>
    <ClCompile Include="..\Source\BasicMathFunctions\arm_dot_prod_f64.c">
      <Filter>Source Files</Filter>
    </ClCompile>
    <ClCompile Include="..\Source\BasicMathFunctions\arm_dot_prod_q7.c">
      <Filter>Source Files</Filter>
    </ClCompile>
    <ClCompile Include="..\Source\BasicMathFunctions\arm_dot_prod_q15.c">
      <Filter>Source Files</Filter>
    </ClCompile>
    <ClCompile Include="..\Source\BasicMathFunctions\arm_dot_prod_q31.c">
      <Filter>Source Files</Filter>
    </ClCompile>
    <ClCompile Include="..\Source\BasicMathFunctions\arm_mult_f16.c">
      <Filter>Source Files</Filter>
    </ClCompile>
    <ClCompile Include="..\Source\BasicMathFunctions\arm_mult_f32.c">
      <Filter>Source Files</Filter>
    </ClCompile>
    <ClCompile Include="..\Source\BasicMathFunctions\arm_mult_f64.c">
      <Filter>Source Files</Filter>
    </ClCompile>
    <ClCompile Include="..\Source\BasicMathFunctions\arm_mult_q7.c">
      <Filter>Source Files</Filter>
    </ClCompile>
    <ClCompile Include="..\Source\BasicMathFunctions\arm_mult_q15.c">
      <Filter>Source Files</Filter>
    </ClCompile>
    <ClCompile Include="..\Source\BasicMathFunctions\arm_mult_q31.c">
      <Filter>Source Files</Filter>
    </ClCompile>
    <ClCompile Include="..\Source\BasicMathFunctions\arm_negate_f16.c">
      <Filter>Source Files</Filter>
    </ClCompile>
    <ClCompile Include="..\Source\BasicMathFunctions\arm_negate_f32.c">
      <Filter>Source Files</Filter>
    </ClCompile>
    <ClCompile Include="..\Source\BasicMathFunctions\arm_negate_f64.c">
      <Filter>Source Files</Filter>
    </ClCompile>
    <ClCompile Include="..\Source\BasicMathFunctions\arm_negate_q7.c">
      <Filter>Source Files</Filter>
    </ClCompile>
    <ClCompile Include="..\Source\BasicMathFunctions\arm_negate_q15.c">
      <Filter>Source Files</Filter>
    </ClCompile>
    <ClCompile Include="..\Source\BasicMathFunctions\arm_negate_q31.c">
      <Filter>Source Files</Filter>
    </ClCompile>
    <ClCompile Include="..\Source\BasicMathFunctions\arm_not_u8.c">
      <Filter>Source Files</Filter>
    </ClCompile>
    <ClCompile Include="..\Source\BasicMathFunctions\arm_not_u16.c">
      <Filter>Source Files</Filter>
    </ClCompile>
    <ClCompile Include="..\Source\BasicMathFunctions\arm_not_u32.c">
      <Filter>Source Files</Filter>
    </ClCompile>
    <ClCompile Include="..\Source\BasicMathFunctions\arm_offset_f16.c">
      <Filter>Source Files</Filter>
    </ClCompile>
    <ClCompile Include="..\Source\BasicMathFunctions\arm_offset_f32.c">
      <Filter>Source Files</Filter>
    </ClCompile>
    <ClCompile Include="..\Source\BasicMathFunctions\arm_offset_f64.c">
      <Filter>Source Files</Filter>
    </ClCompile>
    <ClCompile Include="..\Source\BasicMathFunctions\arm_offset_q7.c">
      <Filter>Source Files</Filter>
    </ClCompile>
    <ClCompile Include="..\Source\BasicMathFunctions\arm_offset_q15.c">
      <Filter>Source Files</Filter>
    </ClCompile>
    <ClCompile Include="..\Source\BasicMathFunctions\arm_offset_q31.c">
      <Filter>Source Files</Filter>
    </ClCompile>
    <ClCompile Include="..\Source\BasicMathFunctions\arm_or_u8.c">
      <Filter>Source Files</Filter>
    </ClCompile>
    <ClCompile Include="..\Source\BasicMathFunctions\arm_or_u16.c">
      <Filter>Source Files</Filter>
    </ClCompile>
    <ClCompile Include="..\Source\BasicMathFunctions\arm_or_u32.c">
      <Filter>Source Files</Filter>
    </ClCompile>
    <ClCompile Include="..\Source\BasicMathFunctions\arm_scale_f16.c">
      <Filter>Source Files</Filter>
    </ClCompile>
    <ClCompile Include="..\Source\BasicMathFunctions\arm_scale_f32.c">
      <Filter>Source Files</Filter>
    </ClCompile>
    <ClCompile Include="..\Source\BasicMathFunctions\arm_scale_f64.c">
      <Filter>Source Files</Filter>
    </ClCompile>
    <ClCompile Include="..\Source\BasicMathFunctions\arm_scale_q7.c">
      <Filter>Source Files</Filter>
    </ClCompile>
    <ClCompile Include="..\Source\BasicMathFunctions\arm_scale_q15.c">
      <Filter>Source Files</Filter>
    </ClCompile>
    <ClCompile Include="..\Source\BasicMathFunctions\arm_scale_q31.c">
      <Filter>Source Files</Filter>
    </ClCompile>
    <ClCompile Include="..\Source\BasicMathFunctions\arm_shift_q7.c">
      <Filter>Source Files</Filter>
    </ClCompile>
    <ClCompile Include="..\Source\BasicMathFunctions\arm_shift_q15.c">
      <Filter>Source Files</Filter>
    </ClCompile>
    <ClCompile Include="..\Source\BasicMathFunctions\arm_shift_q31.c">
      <Filter>Source Files</Filter>
    </ClCompile>
    <ClCompile Include="..\Source\BasicMathFunctions\arm_sub_f16.c">
      <Filter>Source Files</Filter>
    </ClCompile>
    <ClCompile Include="..\Source\BasicMathFunctions\arm_sub_f32.c">
      <Filter>Source Files</Filter>
    </ClCompile>
    <ClCompile Include="..\Source\BasicMathFunctions\arm_sub_f64.c">
      <Filter>Source Files</Filter>
    </ClCompile>
    <ClCompile Include="..\Source\BasicMathFunctions\arm_sub_q7.c">
      <Filter>Source Files</Filter>
    </ClCompile>
    <ClCompile Include="..\Source\BasicMathFunctions\arm_sub_q15.c">
      <Filter>Source Files</Filter>
    </ClCompile>
    <ClCompile Include="..\Source\BasicMathFunctions\arm_sub_q31.c">
      <Filter>Source Files</Filter>
    </ClCompile>
    <ClCompile Include="..\Source\BasicMathFunctions\arm_xor_u8.c">
      <Filter>Source Files</Filter>
    </ClCompile>
    <ClCompile Include="..\Source\BasicMathFunctions\arm_xor_u16.c">
      <Filter>Source Files</Filter>
    </ClCompile>
    <ClCompile Include="..\Source\BasicMathFunctions\arm_xor_u32.c">
      <Filter>Source Files</Filter>
    </ClCompile>
    <ClCompile Include="..\Source\BasicMathFunctions\BasicMathFunctions.c">
      <Filter>Source Files</Filter>
    </ClCompile>
    <ClCompile Include="..\Source\BasicMathFunctions\BasicMathFunctionsF16.c">
      <Filter>Source Files</Filter>
    </ClCompile>
    <ClCompile Include="..\Source\FastMathFunctions\arm_atan2_f16.c">
      <Filter>Source Files</Filter>
    </ClCompile>
    <ClCompile Include="..\Source\FastMathFunctions\arm_atan2_f32.c">
      <Filter>Source Files</Filter>
    </ClCompile>
    <ClCompile Include="..\Source\FastMathFunctions\arm_atan2_q15.c">
      <Filter>Source Files</Filter>
    </ClCompile>
    <ClCompile Include="..\Source\FastMathFunctions\arm_atan2_q31.c">
      <Filter>Source Files</Filter>
    </ClCompile>
    <ClCompile Include="..\Source\FastMathFunctions\arm_cos_f32.c">
      <Filter>Source Files</Filter>
    </ClCompile>
    <ClCompile Include="..\Source\FastMathFunctions\arm_cos_q15.c">
      <Filter>Source Files</Filter>
    </ClCompile>
    <ClCompile Include="..\Source\FastMathFunctions\arm_cos_q31.c">
      <Filter>Source Files</Filter>
    </ClCompile>
    <ClCompile Include="..\Source\FastMathFunctions\arm_divide_q15.c">
      <Filter>Source Files</Filter>
    </ClCompile>
    <ClCompile Include="..\Source\FastMathFunctions\arm_divide_q31.c">
      <Filter>Source Files</Filter>
    </ClCompile>
    <ClCompile Include="..\Source\FastMathFunctions\arm_sin_f32.c">
      <Filter>Source Files</Filter>
    </ClCompile>
    <ClCompile Include="..\Source\FastMathFunctions\arm_sin_q15.c">
      <Filter>Source Files</Filter>
    </ClCompile>
    <ClCompile Include="..\Source\FastMathFunctions\arm_sin_q31.c">
      <Filter>Source Files</Filter>
    </ClCompile>
    <ClCompile Include="..\Source\FastMathFunctions\arm_sqrt_q15.c">
      <Filter>Source Files</Filter>
    </ClCompile>
    <ClCompile Include="..\Source\FastMathFunctions\arm_sqrt_q31.c">
      <Filter>Source Files</Filter>
    </ClCompile>
    <ClCompile Include="..\Source\FastMathFunctions\arm_vexp_f16.c">
      <Filter>Source Files</Filter>
    </ClCompile>
    <ClCompile Include="..\Source\FastMathFunctions\arm_vexp_f32.c">
      <Filter>Source Files</Filter>
    </ClCompile>
    <ClCompile Include="..\Source\FastMathFunctions\arm_vexp_f64.c">
      <Filter>Source Files</Filter>
    </ClCompile>
    <ClCompile Include="..\Source\FastMathFunctions\arm_vinverse_f16.c">
      <Filter>Source Files</Filter>
    </ClCompile>
    <ClCompile Include="..\Source\FastMathFunctions\arm_vlog_f16.c">
      <Filter>Source Files</Filter>
    </ClCompile>
    <ClCompile Include="..\Source\FastMathFunctions\arm_vlog_f32.c">
      <Filter>Source Files</Filter>
    </ClCompile>
    <ClCompile Include="..\Source\FastMathFunctions\arm_vlog_f64.c">
      <Filter>Source Files</Filter>
    </ClCompile>
    <ClCompile Include="..\Source\FastMathFunctions\arm_vlog_q15.c">
      <Filter>Source Files</Filter>
    </ClCompile>
    <ClCompile Include="..\Source\FastMathFunctions\arm_vlog_q31.c">
      <Filter>Source Files</Filter>
    </ClCompile>
    <ClCompile Include="..\Source\FastMathFunctions\FastMathFunctions.c">
      <Filter>Source Files</Filter>
    </ClCompile>
    <ClCompile Include="..\Source\FastMathFunctions\FastMathFunctionsF16.c">
      <Filter>Source Files</Filter>
    </ClCompile>
    <ClCompile Include="..\Source\ControllerFunctions\arm_pid_init_f32.c">
      <Filter>Source Files</Filter>
    </ClCompile>
    <ClCompile Include="..\Source\ControllerFunctions\arm_pid_init_q15.c">
      <Filter>Source Files</Filter>
    </ClCompile>
    <ClCompile Include="..\Source\ControllerFunctions\arm_pid_init_q31.c">
      <Filter>Source Files</Filter>
    </ClCompile>
    <ClCompile Include="..\Source\ControllerFunctions\arm_pid_reset_f32.c">
      <Filter>Source Files</Filter>
    </ClCompile>
    <ClCompile Include="..\Source\ControllerFunctions\arm_pid_reset_q15.c">
      <Filter>Source Files</Filter>
    </ClCompile>
    <ClCompile Include="..\Source\ControllerFunctions\arm_pid_reset_q31.c">
      <Filter>Source Files</Filter>
    </ClCompile>
    <ClCompile Include="..\Source\ControllerFunctions\arm_sin_cos_f32.c">
      <Filter>Source Files</Filter>
    </ClCompile>
    <ClCompile Include="..\Source\ControllerFunctions\arm_sin_cos_q31.c">
      <Filter>Source Files</Filter>
    </ClCompile>
    <ClCompile Include="..\Source\ControllerFunctions\ControllerFunctions.c">
      <Filter>Source Files</Filter>
    </ClCompile>
    <ClCompile Include="..\Source\CommonTables\arm_common_tables.c">
      <Filter>Source Files</Filter>
    </ClCompile>
    <ClCompile Include="..\Source\CommonTables\arm_common_tables_f16.c">
      <Filter>Source Files</Filter>
    </ClCompile>
    <ClCompile Include="..\Source\CommonTables\arm_const_structs.c">
      <Filter>Source Files</Filter>
    </ClCompile>
    <ClCompile Include="..\Source\CommonTables\arm_const_structs_f16.c">
      <Filter>Source Files</Filter>
    </ClCompile>
    <ClCompile Include="..\Source\CommonTables\arm_mve_tables.c">
      <Filter>Source Files</Filter>
    </ClCompile>
    <ClCompile Include="..\Source\CommonTables\arm_mve_tables_f16.c">
      <Filter>Source Files</Filter>
    </ClCompile>
    <ClCompile Include="..\Source\CommonTables\arm_neon_tables.c">
      <Filter>Source Files</Filter>
    </ClCompile>
    <ClCompile Include="..\Source\CommonTables\arm_neon_tables_f16.c">
      <Filter>Source Files</Filter>
    </ClCompile>
    <ClCompile Include="..\Source\CommonTables\CommonTables.c">
      <Filter>Source Files</Filter>
    </ClCompile>
    <ClCompile Include="..\Source\CommonTables\CommonTablesF16.c">
      <Filter>Source Files</Filter>
    </ClCompile>
    <ClCompile Include="..\Source\TransformFunctions\arm_bitreversal2.c">
      <Filter>Source Files</Filter>
    </ClCompile>
    <ClCompile Include="..\Source\MatrixFunctions\arm_householder_f16.c">
      <Filter>Source Files</Filter>
    </ClCompile>
    <ClCompile Include="..\Source\MatrixFunctions\arm_householder_f32.c">
      <Filter>Source Files</Filter>
    </ClCompile>
    <ClCompile Include="..\Source\MatrixFunctions\arm_householder_f64.c">
      <Filter>Source Files</Filter>
    </ClCompile>
    <ClCompile Include="..\Source\MatrixFunctions\arm_mat_add_f16.c">
      <Filter>Source Files</Filter>
    </ClCompile>
    <ClCompile Include="..\Source\MatrixFunctions\arm_mat_add_f32.c">
      <Filter>Source Files</Filter>
    </ClCompile>
    <ClCompile Include="..\Source\MatrixFunctions\arm_mat_add_q15.c">
      <Filter>Source Files</Filter>
    </ClCompile>
    <ClCompile Include="..\Source\MatrixFunctions\arm_mat_add_q31.c">
      <Filter>Source Files</Filter>
    </ClCompile>
    <ClCompile Include="..\Source\MatrixFunctions\arm_mat_cholesky_f16.c">
      <Filter>Source Files</Filter>
    </ClCompile>
    <ClCompile Include="..\Source\MatrixFunctions\arm_mat_cholesky_f32.c">
      <Filter>Source Files</Filter>
    </ClCompile>
    <ClCompile Include="..\Source\MatrixFunctions\arm_mat_cholesky_f64.c">
      <Filter>Source Files</Filter>
    </ClCompile>
    <ClCompile Include="..\Source\MatrixFunctions\arm_mat_cmplx_mult_f16.c">
      <Filter>Source Files</Filter>
    </ClCompile>
    <ClCompile Include="..\Source\MatrixFunctions\arm_mat_cmplx_mult_f32.c">
      <Filter>Source Files</Filter>
    </ClCompile>
    <ClCompile Include="..\Source\MatrixFunctions\arm_mat_cmplx_mult_q15.c">
      <Filter>Source Files</Filter>
    </ClCompile>
    <ClCompile Include="..\Source\MatrixFunctions\arm_mat_cmplx_mult_q31.c">
      <Filter>Source Files</Filter>
    </ClCompile>
    <ClCompile Include="..\Source\MatrixFunctions\arm_mat_cmplx_trans_f16.c">
      <Filter>Source Files</Filter>
    </ClCompile>
    <ClCompile Include="..\Source\MatrixFunctions\arm_mat_cmplx_trans_f32.c">
      <Filter>Source Files</Filter>
    </ClCompile>
    <ClCompile Include="..\Source\MatrixFunctions\arm_mat_cmplx_trans_q15.c">
      <Filter>Source Files</Filter>
    </ClCompile>
    <ClCompile Include="..\Source\MatrixFunctions\arm_mat_cmplx_trans_q31.c">
      <Filter>Source Files</Filter>
    </ClCompile>
    <ClCompile Include="..\Source\MatrixFunctions\arm_mat_init_f16.c">
      <Filter>Source Files</Filter>
    </ClCompile>
    <ClCompile Include="..\Source\MatrixFunctions\arm_mat_init_f32.c">
      <Filter>Source Files</Filter>
    </ClCompile>
    <ClCompile Include="..\Source\MatrixFunctions\arm_mat_init_f64.c">
      <Filter>Source Files</Filter>
    </ClCompile>
    <ClCompile Include="..\Source\MatrixFunctions\arm_mat_init_q7.c">
      <Filter>Source Files</Filter>
    </ClCompile>
    <ClCompile Include="..\Source\MatrixFunctions\arm_mat_init_q15.c">
      <Filter>Source Files</Filter>
    </ClCompile>
    <ClCompile Include="..\Source\MatrixFunctions\arm_mat_init_q31.c">
      <Filter>Source Files</Filter>
    </ClCompile>
    <ClCompile Include="..\Source\MatrixFunctions\arm_mat_inverse_f16.c">
      <Filter>Source Files</Filter>
    </ClCompile>
    <ClCompile Include="..\Source\MatrixFunctions\arm_mat_inverse_f32.c">
      <Filter>Source Files</Filter>
    </ClCompile>
    <ClCompile Include="..\Source\MatrixFunctions\arm_mat_inverse_f64.c">
      <Filter>Source Files</Filter>
    </ClCompile>
    <ClCompile Include="..\Source\MatrixFunctions\arm_mat_ldlt_f32.c">
      <Filter>Source Files</Filter>
    </ClCompile>
    <ClCompile Include="..\Source\MatrixFunctions\arm_mat_ldlt_f64.c">
      <Filter>Source Files</Filter>
    </ClCompile>
    <ClCompile Include="..\Source\MatrixFunctions\arm_mat_mult_f16.c">
      <Filter>Source Files</Filter>
    </ClCompile>
    <ClCompile Include="..\Source\MatrixFunctions\arm_mat_mult_f32.c">
      <Filter>Source Files</Filter>
    </ClCompile>
    <ClCompile Include="..\Source\MatrixFunctions\arm_mat_mult_f64.c">
      <Filter>Source Files</Filter>
    </ClCompile>
    <ClCompile Include="..\Source\MatrixFunctions\arm_mat_mult_fast_q15.c">
      <Filter>Source Files</Filter>
    </ClCompile>
    <ClCompile Include="..\Source\MatrixFunctions\arm_mat_mult_fast_q31.c">
      <Filter>Source Files</Filter>
    </ClCompile>
    <ClCompile Include="..\Source\MatrixFunctions\arm_mat_mult_opt_q31.c">
      <Filter>Source Files</Filter>
    </ClCompile>
    <ClCompile Include="..\Source\MatrixFunctions\arm_mat_mult_q7.c">
      <Filter>Source Files</Filter>
    </ClCompile>
    <ClCompile Include="..\Source\MatrixFunctions\arm_mat_mult_q15.c">
      <Filter>Source Files</Filter>
    </ClCompile>
    <ClCompile Include="..\Source\MatrixFunctions\arm_mat_mult_q31.c">
      <Filter>Source Files</Filter>
    </ClCompile>
    <ClCompile Include="..\Source\MatrixFunctions\arm_mat_qr_f16.c">
      <Filter>Source Files</Filter>
    </ClCompile>
    <ClCompile Include="..\Source\MatrixFunctions\arm_mat_qr_f32.c">
      <Filter>Source Files</Filter>
    </ClCompile>
    <ClCompile Include="..\Source\MatrixFunctions\arm_mat_qr_f64.c">
      <Filter>Source Files</Filter>
    </ClCompile>
    <ClCompile Include="..\Source\MatrixFunctions\arm_mat_scale_f16.c">
      <Filter>Source Files</Filter>
    </ClCompile>
    <ClCompile Include="..\Source\MatrixFunctions\arm_mat_scale_f32.c">
      <Filter>Source Files</Filter>
    </ClCompile>
    <ClCompile Include="..\Source\MatrixFunctions\arm_mat_scale_q15.c">
      <Filter>Source Files</Filter>
    </ClCompile>
    <ClCompile Include="..\Source\MatrixFunctions\arm_mat_scale_q31.c">
      <Filter>Source Files</Filter>
    </ClCompile>
    <ClCompile Include="..\Source\MatrixFunctions\arm_mat_solve_lower_triangular_f16.c">
      <Filter>Source Files</Filter>
    </ClCompile>
    <ClCompile Include="..\Source\MatrixFunctions\arm_mat_solve_lower_triangular_f32.c">
      <Filter>Source Files</Filter>
    </ClCompile>
    <ClCompile Include="..\Source\MatrixFunctions\arm_mat_solve_lower_triangular_f64.c">
      <Filter>Source Files</Filter>
    </ClCompile>
    <ClCompile Include="..\Source\MatrixFunctions\arm_mat_solve_upper_triangular_f16.c">
      <Filter>Source Files</Filter>
    </ClCompile>
    <ClCompile Include="..\Source\MatrixFunctions\arm_mat_solve_upper_triangular_f32.c">
      <Filter>Source Files</Filter>
    </ClCompile>
    <ClCompile Include="..\Source\MatrixFunctions\arm_mat_solve_upper_triangular_f64.c">
      <Filter>Source Files</Filter>
    </ClCompile>
    <ClCompile Include="..\Source\MatrixFunctions\arm_mat_sub_f16.c">
      <Filter>Source Files</Filter>
    </ClCompile>
    <ClCompile Include="..\Source\MatrixFunctions\arm_mat_sub_f32.c">
      <Filter>Source Files</Filter>
    </ClCompile>
    <ClCompile Include="..\Source\MatrixFunctions\arm_mat_sub_f64.c">
      <Filter>Source Files</Filter>
    </ClCompile>
    <ClCompile Include="..\Source\MatrixFunctions\arm_mat_sub_q15.c">
      <Filter>Source Files</Filter>
    </ClCompile>
    <ClCompile Include="..\Source\MatrixFunctions\arm_mat_sub_q31.c">
      <Filter>Source Files</Filter>
    </ClCompile>
    <ClCompile Include="..\Source\MatrixFunctions\arm_mat_trans_f16.c">
      <Filter>Source Files</Filter>
    </ClCompile>
    <ClCompile Include="..\Source\MatrixFunctions\arm_mat_trans_f32.c">
      <Filter>Source Files</Filter>
    </ClCompile>
    <ClCompile Include="..\Source\MatrixFunctions\arm_mat_trans_f64.c">
      <Filter>Source Files</Filter>
    </ClCompile>
    <ClCompile Include="..\Source\MatrixFunctions\arm_mat_trans_q7.c">
      <Filter>Source Files</Filter>
    </ClCompile>
    <ClCompile Include="..\Source\MatrixFunctions\arm_mat_trans_q15.c">
      <Filter>Source Files</Filter>
    </ClCompile>
    <ClCompile Include="..\Source\MatrixFunctions\arm_mat_trans_q31.c">
      <Filter>Source Files</Filter>
    </ClCompile>
    <ClCompile Include="..\Source\MatrixFunctions\arm_mat_vec_mult_f16.c">
      <Filter>Source Files</Filter>
    </ClCompile>
    <ClCompile Include="..\Source\MatrixFunctions\arm_mat_vec_mult_f32.c">
      <Filter>Source Files</Filter>
    </ClCompile>
    <ClCompile Include="..\Source\MatrixFunctions\arm_mat_vec_mult_q7.c">
      <Filter>Source Files</Filter>
    </ClCompile>
    <ClCompile Include="..\Source\MatrixFunctions\arm_mat_vec_mult_q15.c">
      <Filter>Source Files</Filter>
    </ClCompile>
    <ClCompile Include="..\Source\MatrixFunctions\arm_mat_vec_mult_q31.c">
      <Filter>Source Files</Filter>
    </ClCompile>
    <ClCompile Include="..\Source\MatrixFunctions\MatrixFunctions.c">
      <Filter>Source Files</Filter>
    </ClCompile>
    <ClCompile Include="..\Source\MatrixFunctions\MatrixFunctionsF16.c">
      <Filter>Source Files</Filter>
    </ClCompile>
    <ClCompile Include="..\Source\ComplexMathFunctions\arm_cmplx_mag_f32.c">
      <Filter>Source Files</Filter>
    </ClCompile>
    <ClCompile Include="..\Source\StatisticsFunctions\arm_absmax_f32.c">
      <Filter>Source Files</Filter>
    </ClCompile>
    <ClCompile Include="..\Source\ComplexMathFunctions\arm_cmplx_mag_q15.c">
      <Filter>Source Files</Filter>
    </ClCompile>
    <ClCompile Include="..\Source\ComplexMathFunctions\arm_cmplx_mag_q31.c">
      <Filter>Source Files</Filter>
    </ClCompile>
    <ClCompile Include="..\Source\StatisticsFunctions\arm_absmax_q15.c">
      <Filter>Source Files</Filter>
    </ClCompile>
    <ClCompile Include="..\Source\StatisticsFunctions\arm_absmax_q31.c">
      <Filter>Source Files</Filter>
    </ClCompile>
    <ClCompile Include="..\Source\TransformFunctions\gnss_codes.c">
      <Filter>Source Files</Filter>
    </ClCompile>
    <ClCompile Include="..\Source\TransformFunctions\quasi_pilot_tests.c">
      <Filter>Source Files</Filter>
    </ClCompile>
    <ClCompile Include="..\Source\TransformFunctions\up_sample.c">
      <Filter>Source Files</Filter>
    </ClCompile>
    <ClCompile Include="..\Source\TransformFunctions\msb_funcs.c">
      <Filter>Source Files</Filter>
    </ClCompile>
  </ItemGroup>
  <ItemGroup>
    <ClInclude Include="..\Include\arm_common_tables.h">
      <Filter>Header Files</Filter>
    </ClInclude>
    <ClInclude Include="..\Include\arm_common_tables_f16.h">
      <Filter>Header Files</Filter>
    </ClInclude>
    <ClInclude Include="..\Include\arm_const_structs.h">
      <Filter>Header Files</Filter>
    </ClInclude>
    <ClInclude Include="..\Include\arm_const_structs_f16.h">
      <Filter>Header Files</Filter>
    </ClInclude>
    <ClInclude Include="..\Include\arm_helium_utils.h">
      <Filter>Header Files</Filter>
    </ClInclude>
    <ClInclude Include="..\Include\arm_math.h">
      <Filter>Header Files</Filter>
    </ClInclude>
    <ClInclude Include="..\Include\arm_math_f16.h">
      <Filter>Header Files</Filter>
    </ClInclude>
    <ClInclude Include="..\Include\arm_math_memory.h">
      <Filter>Header Files</Filter>
    </ClInclude>
    <ClInclude Include="..\Include\arm_math_types.h">
      <Filter>Header Files</Filter>
    </ClInclude>
    <ClInclude Include="..\Include\arm_math_types_f16.h">
      <Filter>Header Files</Filter>
    </ClInclude>
    <ClInclude Include="..\Include\arm_mve_tables.h">
      <Filter>Header Files</Filter>
    </ClInclude>
    <ClInclude Include="..\Include\arm_mve_tables_f16.h">
      <Filter>Header Files</Filter>
    </ClInclude>
    <ClInclude Include="..\Include\arm_neon_tables.h">
      <Filter>Header Files</Filter>
    </ClInclude>
    <ClInclude Include="..\Include\arm_neon_tables_f16.h">
      <Filter>Header Files</Filter>
    </ClInclude>
    <ClInclude Include="..\Include\arm_vec_math.h">
      <Filter>Header Files</Filter>
    </ClInclude>
    <ClInclude Include="..\Include\arm_vec_math_f16.h">
      <Filter>Header Files</Filter>
    </ClInclude>
    <ClInclude Include="..\Include\dsp\basic_math_functions.h">
      <Filter>Header Files</Filter>
    </ClInclude>
    <ClInclude Include="..\Include\dsp\basic_math_functions_f16.h">
      <Filter>Header Files</Filter>
    </ClInclude>
    <ClInclude Include="..\Include\dsp\bayes_functions.h">
      <Filter>Header Files</Filter>
    </ClInclude>
    <ClInclude Include="..\Include\dsp\bayes_functions_f16.h">
      <Filter>Header Files</Filter>
    </ClInclude>
    <ClInclude Include="..\Include\dsp\complex_math_functions.h">
      <Filter>Header Files</Filter>
    </ClInclude>
    <ClInclude Include="..\Include\dsp\complex_math_functions_f16.h">
      <Filter>Header Files</Filter>
    </ClInclude>
    <ClInclude Include="..\Include\dsp\controller_functions.h">
      <Filter>Header Files</Filter>
    </ClInclude>
    <ClInclude Include="..\Include\dsp\controller_functions_f16.h">
      <Filter>Header Files</Filter>
    </ClInclude>
    <ClInclude Include="..\Include\dsp\debug.h">
      <Filter>Header Files</Filter>
    </ClInclude>
    <ClInclude Include="..\Include\dsp\distance_functions.h">
      <Filter>Header Files</Filter>
    </ClInclude>
    <ClInclude Include="..\Include\dsp\distance_functions_f16.h">
      <Filter>Header Files</Filter>
    </ClInclude>
    <ClInclude Include="..\Include\dsp\fast_math_functions.h">
      <Filter>Header Files</Filter>
    </ClInclude>
    <ClInclude Include="..\Include\dsp\fast_math_functions_f16.h">
      <Filter>Header Files</Filter>
    </ClInclude>
    <ClInclude Include="..\Include\dsp\filtering_functions.h">
      <Filter>Header Files</Filter>
    </ClInclude>
    <ClInclude Include="..\Include\dsp\filtering_functions_f16.h">
      <Filter>Header Files</Filter>
    </ClInclude>
    <ClInclude Include="..\Include\dsp\interpolation_functions.h">
      <Filter>Header Files</Filter>
    </ClInclude>
    <ClInclude Include="..\Include\dsp\interpolation_functions_f16.h">
      <Filter>Header Files</Filter>
    </ClInclude>
    <ClInclude Include="..\Include\dsp\matrix_functions.h">
      <Filter>Header Files</Filter>
    </ClInclude>
    <ClInclude Include="..\Include\dsp\matrix_functions_f16.h">
      <Filter>Header Files</Filter>
    </ClInclude>
    <ClInclude Include="..\Include\dsp\matrix_utils.h">
      <Filter>Header Files</Filter>
    </ClInclude>
    <ClInclude Include="..\Include\dsp\none.h">
      <Filter>Header Files</Filter>
    </ClInclude>
    <ClInclude Include="..\Include\dsp\quaternion_math_functions.h">
      <Filter>Header Files</Filter>
    </ClInclude>
    <ClInclude Include="..\Include\dsp\statistics_functions.h">
      <Filter>Header Files</Filter>
    </ClInclude>
    <ClInclude Include="..\Include\dsp\statistics_functions_f16.h">
      <Filter>Header Files</Filter>
    </ClInclude>
    <ClInclude Include="..\Include\dsp\support_functions.h">
      <Filter>Header Files</Filter>
    </ClInclude>
    <ClInclude Include="..\Include\dsp\support_functions_f16.h">
      <Filter>Header Files</Filter>
    </ClInclude>
    <ClInclude Include="..\Include\dsp\svm_defines.h">
      <Filter>Header Files</Filter>
    </ClInclude>
    <ClInclude Include="..\Include\dsp\svm_functions.h">
      <Filter>Header Files</Filter>
    </ClInclude>
    <ClInclude Include="..\Include\dsp\svm_functions_f16.h">
      <Filter>Header Files</Filter>
    </ClInclude>
    <ClInclude Include="..\Include\dsp\transform_functions.h">
      <Filter>Header Files</Filter>
    </ClInclude>
    <ClInclude Include="..\Include\dsp\transform_functions_f16.h">
      <Filter>Header Files</Filter>
    </ClInclude>
    <ClInclude Include="..\Include\dsp\utils.h">
      <Filter>Header Files</Filter>
    </ClInclude>
    <ClInclude Include="..\Include\dsp\window_functions.h">
      <Filter>Header Files</Filter>
    </ClInclude>
    <ClInclude Include="..\PrivateInclude\arm_neon_private.h">
      <Filter>Header Files</Filter>
    </ClInclude>
    <ClInclude Include="..\PrivateInclude\arm_sorting.h">
      <Filter>Header Files</Filter>
    </ClInclude>
    <ClInclude Include="..\PrivateInclude\arm_vec_fft.h">
      <Filter>Header Files</Filter>
    </ClInclude>
    <ClInclude Include="..\PrivateInclude\arm_vec_filtering.h">
      <Filter>Header Files</Filter>
    </ClInclude>
    <ClInclude Include="..\Include\gnss_codes.h">
      <Filter>Header Files</Filter>
    </ClInclude>
    <ClInclude Include="..\Include\up_sample.h">
      <Filter>Header Files</Filter>
    </ClInclude>
    <ClInclude Include="..\Include\cplx_types.h">
      <Filter>Header Files</Filter>
    </ClInclude>
    <ClInclude Include="..\Include\msb_funcs.h">
      <Filter>Header Files</Filter>
    </ClInclude>
  </ItemGroup>
  <ItemGroup>
    <None Include="..\Source\TransformFunctions\Config.cmake">
      <Filter>Source Files</Filter>
    </None>
    <None Include="..\Source\BasicMathFunctions\Config.cmake">
      <Filter>Source Files</Filter>
    </None>
    <None Include="..\Source\FastMathFunctions\Config.cmake">
      <Filter>Source Files</Filter>
    </None>
  </ItemGroup>
</Project>